
Microsoft Visual Studio Solution File, Format Version 12.00
# Visual Studio Version 16
VisualStudioVersion = 16.0.30104.148
MinimumVisualStudioVersion = 10.0.40219.1
Project("{FAE04EC0-301F-11D3-BF4B-00C04F79EFBC}") = "YemekTarifiSite", "YemekTarifiSite\YemekTarifiSite.csproj", "{A848143E-E6F5-4295-B504-6B5D978D749F}"
EndProject
Global
	GlobalSection(SolutionConfigurationPlatforms) = preSolution
		Debug|Any CPU = Debug|Any CPU
		Release|Any CPU = Release|Any CPU
	EndGlobalSection
	GlobalSection(ProjectConfigurationPlatforms) = postSolution
		{A848143E-E6F5-4295-B504-6B5D978D749F}.Debug|Any CPU.ActiveCfg = Debug|Any CPU
		{A848143E-E6F5-4295-B504-6B5D978D749F}.Debug|Any CPU.Build.0 = Debug|Any CPU
		{A848143E-E6F5-4295-B504-6B5D978D749F}.Release|Any CPU.ActiveCfg = Release|Any CPU
		{A848143E-E6F5-4295-B504-6B5D978D749F}.Release|Any CPU.Build.0 = Release|Any CPU
	EndGlobalSection
	GlobalSection(SolutionProperties) = preSolution
		HideSolutionNode = FALSE
	EndGlobalSection
	GlobalSection(ExtensibilityGlobals) = postSolution
		SolutionGuid = {A16457E7-B8FB-4B51-AA9E-88E28540AC24}
	EndGlobalSection
EndGlobal
